
Microsoft Visual Studio Solution File, Format Version 12.00
# Visual Studio Version 17
VisualStudioVersion = 17.2.32519.379
MinimumVisualStudioVersion = 10.0.40219.1
Project("{9A19103F-16F7-4668-BE54-9A1E7A4F7556}") = "AspnetCoreApp", "AspnetCoreApp\AspnetCoreApp.csproj", "{5CC9AA44-3ED2-4906-A9AD-26DA5D9B1CB5}"
EndProject
Project("{9A19103F-16F7-4668-BE54-9A1E7A4F7556}") = "AspnetCoreAppOld", "AspnetCoreAppOld\AspnetCoreAppOld.csproj", "{D615BA05-772D-4962-A82E-5C342BD70F22}"
EndProject
Project("{9A19103F-16F7-4668-BE54-9A1E7A4F7556}") = "WebApplication1", "WebApplication1\WebApplication1.csproj", "{D4E243A7-D523-4133-9EE8-B512951C0CDE}"
EndProject
Project("{9A19103F-16F7-4668-BE54-9A1E7A4F7556}") = "WebApplication2", "WebApplication2\WebApplication2.csproj", "{61431CBD-B8A3-4574-9D24-9B4E3A41B440}"
EndProject
Project("{9A19103F-16F7-4668-BE54-9A1E7A4F7556}") = "WebApi", "WebApi\WebApi.csproj", "{23DEEF52-F0E5-4B04-8D53-D2988B4BCD10}"
EndProject
Project("{9A19103F-16F7-4668-BE54-9A1E7A4F7556}") = "DependencyInjectionDemo", "DependencyInjectionDemo\DependencyInjectionDemo.csproj", "{C53B818E-7EA6-4D86-9D69-3EEFF730303B}"
EndProject
Project("{9A19103F-16F7-4668-BE54-9A1E7A4F7556}") = "PatientCRUDServiceApi", "PatientCRUDServiceApi\PatientCRUDServiceApi.csproj", "{B0B4F141-9050-41D7-90E8-A1F0E95ED683}"
EndProject
Project("{FAE04EC0-301F-11D3-BF4B-00C04F79EFBC}") = "ObjectValidationLib", "ObjectValidationLib\ObjectValidationLib.csproj", "{5E9171F3-52C6-4FA8-B5C6-7FC5CE7D7852}"
EndProject
Project("{FAE04EC0-301F-11D3-BF4B-00C04F79EFBC}") = "Client", "Client\Client.csproj", "{1FEE6CCD-D3F9-453B-B1A8-FBE7AD7D1968}"
EndProject
Global
	GlobalSection(SolutionConfigurationPlatforms) = preSolution
		Debug|Any CPU = Debug|Any CPU
		Release|Any CPU = Release|Any CPU
	EndGlobalSection
	GlobalSection(ProjectConfigurationPlatforms) = postSolution
		{5CC9AA44-3ED2-4906-A9AD-26DA5D9B1CB5}.Debug|Any CPU.ActiveCfg = Debug|Any CPU
		{5CC9AA44-3ED2-4906-A9AD-26DA5D9B1CB5}.Debug|Any CPU.Build.0 = Debug|Any CPU
		{5CC9AA44-3ED2-4906-A9AD-26DA5D9B1CB5}.Release|Any CPU.ActiveCfg = Release|Any CPU
		{5CC9AA44-3ED2-4906-A9AD-26DA5D9B1CB5}.Release|Any CPU.Build.0 = Release|Any CPU
		{D615BA05-772D-4962-A82E-5C342BD70F22}.Debug|Any CPU.ActiveCfg = Debug|Any CPU
		{D615BA05-772D-4962-A82E-5C342BD70F22}.Debug|Any CPU.Build.0 = Debug|Any CPU
		{D615BA05-772D-4962-A82E-5C342BD70F22}.Release|Any CPU.ActiveCfg = Release|Any CPU
		{D615BA05-772D-4962-A82E-5C342BD70F22}.Release|Any CPU.Build.0 = Release|Any CPU
		{D4E243A7-D523-4133-9EE8-B512951C0CDE}.Debug|Any CPU.ActiveCfg = Debug|Any CPU
		{D4E243A7-D523-4133-9EE8-B512951C0CDE}.Debug|Any CPU.Build.0 = Debug|Any CPU
		{D4E243A7-D523-4133-9EE8-B512951C0CDE}.Release|Any CPU.ActiveCfg = Release|Any CPU
		{D4E243A7-D523-4133-9EE8-B512951C0CDE}.Release|Any CPU.Build.0 = Release|Any CPU
		{61431CBD-B8A3-4574-9D24-9B4E3A41B440}.Debug|Any CPU.ActiveCfg = Debug|Any CPU
		{61431CBD-B8A3-4574-9D24-9B4E3A41B440}.Debug|Any CPU.Build.0 = Debug|Any CPU
		{61431CBD-B8A3-4574-9D24-9B4E3A41B440}.Release|Any CPU.ActiveCfg = Release|Any CPU
		{61431CBD-B8A3-4574-9D24-9B4E3A41B440}.Release|Any CPU.Build.0 = Release|Any CPU
		{23DEEF52-F0E5-4B04-8D53-D2988B4BCD10}.Debug|Any CPU.ActiveCfg = Debug|Any CPU
		{23DEEF52-F0E5-4B04-8D53-D2988B4BCD10}.Debug|Any CPU.Build.0 = Debug|Any CPU
		{23DEEF52-F0E5-4B04-8D53-D2988B4BCD10}.Release|Any CPU.ActiveCfg = Release|Any CPU
		{23DEEF52-F0E5-4B04-8D53-D2988B4BCD10}.Release|Any CPU.Build.0 = Release|Any CPU
		{C53B818E-7EA6-4D86-9D69-3EEFF730303B}.Debug|Any CPU.ActiveCfg = Debug|Any CPU
		{C53B818E-7EA6-4D86-9D69-3EEFF730303B}.Debug|Any CPU.Build.0 = Debug|Any CPU
		{C53B818E-7EA6-4D86-9D69-3EEFF730303B}.Release|Any CPU.ActiveCfg = Release|Any CPU
		{C53B818E-7EA6-4D86-9D69-3EEFF730303B}.Release|Any CPU.Build.0 = Release|Any CPU
		{B0B4F141-9050-41D7-90E8-A1F0E95ED683}.Debug|Any CPU.ActiveCfg = Debug|Any CPU
		{B0B4F141-9050-41D7-90E8-A1F0E95ED683}.Debug|Any CPU.Build.0 = Debug|Any CPU
		{B0B4F141-9050-41D7-90E8-A1F0E95ED683}.Release|Any CPU.ActiveCfg = Release|Any CPU
		{B0B4F141-9050-41D7-90E8-A1F0E95ED683}.Release|Any CPU.Build.0 = Release|Any CPU
		{5E9171F3-52C6-4FA8-B5C6-7FC5CE7D7852}.Debug|Any CPU.ActiveCfg = Debug|Any CPU
		{5E9171F3-52C6-4FA8-B5C6-7FC5CE7D7852}.Debug|Any CPU.Build.0 = Debug|Any CPU
		{5E9171F3-52C6-4FA8-B5C6-7FC5CE7D7852}.Release|Any CPU.ActiveCfg = Release|Any CPU
		{5E9171F3-52C6-4FA8-B5C6-7FC5CE7D7852}.Release|Any CPU.Build.0 = Release|Any CPU
		{1FEE6CCD-D3F9-453B-B1A8-FBE7AD7D1968}.Debug|Any CPU.ActiveCfg = Debug|Any CPU
		{1FEE6CCD-D3F9-453B-B1A8-FBE7AD7D1968}.Debug|Any CPU.Build.0 = Debug|Any CPU
		{1FEE6CCD-D3F9-453B-B1A8-FBE7AD7D1968}.Release|Any CPU.ActiveCfg = Release|Any CPU
		{1FEE6CCD-D3F9-453B-B1A8-FBE7AD7D1968}.Release|Any CPU.Build.0 = Release|Any CPU
	EndGlobalSection
	GlobalSection(SolutionProperties) = preSolution
		HideSolutionNode = FALSE
	EndGlobalSection
	GlobalSection(ExtensibilityGlobals) = postSolution
		SolutionGuid = {E41BD0B5-A4AE-4C8B-8263-917E6D48E0B7}
	EndGlobalSection
EndGlobal
